// !$*UTF8*$!
{
	archiveVersion = 1;
	classes = {
	};
	objectVersion = 56;
	objects = {

/* Begin PBXBuildFile section */
		7B32391D29CEBC8F000780BB /* SwipeCellKit in Frameworks */ = {isa = PBXBuildFile; productRef = 7B32391C29CEBC8F000780BB /* SwipeCellKit */; };
		7B9E057629C711EC00EB534C /* AppDelegate.swift in Sources */ = {isa = PBXBuildFile; fileRef = 7B9E057529C711EC00EB534C /* AppDelegate.swift */; };
		7B9E057829C711EC00EB534C /* SceneDelegate.swift in Sources */ = {isa = PBXBuildFile; fileRef = 7B9E057729C711EC00EB534C /* SceneDelegate.swift */; };
		7B9E057A29C711EC00EB534C /* ToDoListViewController.swift in Sources */ = {isa = PBXBuildFile; fileRef = 7B9E057929C711EC00EB534C /* ToDoListViewController.swift */; };
		7B9E057D29C711EC00EB534C /* Main.storyboard in Resources */ = {isa = PBXBuildFile; fileRef = 7B9E057B29C711EC00EB534C /* Main.storyboard */; };
		7B9E057F29C711ED00EB534C /* Assets.xcassets in Resources */ = {isa = PBXBuildFile; fileRef = 7B9E057E29C711ED00EB534C /* Assets.xcassets */; };
		7B9E058229C711ED00EB534C /* LaunchScreen.storyboard in Resources */ = {isa = PBXBuildFile; fileRef = 7B9E058029C711ED00EB534C /* LaunchScreen.storyboard */; };
		7B9E058D29C711ED00EB534C /* ToDooooTests.swift in Sources */ = {isa = PBXBuildFile; fileRef = 7B9E058C29C711ED00EB534C /* ToDooooTests.swift */; };
		7B9E059729C711ED00EB534C /* ToDooooUITests.swift in Sources */ = {isa = PBXBuildFile; fileRef = 7B9E059629C711ED00EB534C /* ToDooooUITests.swift */; };
		7B9E059929C711ED00EB534C /* ToDooooUITestsLaunchTests.swift in Sources */ = {isa = PBXBuildFile; fileRef = 7B9E059829C711ED00EB534C /* ToDooooUITestsLaunchTests.swift */; };
		7BC922B529CD648900DCD0F1 /* Realm in Frameworks */ = {isa = PBXBuildFile; productRef = 7BC922B429CD648900DCD0F1 /* Realm */; };
		7BC922B729CD648900DCD0F1 /* RealmSwift in Frameworks */ = {isa = PBXBuildFile; productRef = 7BC922B629CD648900DCD0F1 /* RealmSwift */; };
		7BC922BD29CD9D9400DCD0F1 /* Item.swift in Sources */ = {isa = PBXBuildFile; fileRef = 7BC922BC29CD9D9400DCD0F1 /* Item.swift */; };
		7BC922BF29CD9DA800DCD0F1 /* Category.swift in Sources */ = {isa = PBXBuildFile; fileRef = 7BC922BE29CD9DA800DCD0F1 /* Category.swift */; };
		7BD9CB3A29CCAB7D001250B9 /* CategoryViewController.swift in Sources */ = {isa = PBXBuildFile; fileRef = 7BD9CB3929CCAB7D001250B9 /* CategoryViewController.swift */; };
/* End PBXBuildFile section */

/* Begin PBXContainerItemProxy section */
		7B9E058929C711ED00EB534C /* PBXContainerItemProxy */ = {
			isa = PBXContainerItemProxy;
			containerPortal = 7B9E056A29C711EC00EB534C /* Project object */;
			proxyType = 1;
			remoteGlobalIDString = 7B9E057129C711EC00EB534C;
			remoteInfo = ToDoooo;
		};
		7B9E059329C711ED00EB534C /* PBXContainerItemProxy */ = {
			isa = PBXContainerItemProxy;
			containerPortal = 7B9E056A29C711EC00EB534C /* Project object */;
			proxyType = 1;
			remoteGlobalIDString = 7B9E057129C711EC00EB534C;
			remoteInfo = ToDoooo;
		};
/* End PBXContainerItemProxy section */

/* Begin PBXFileReference section */
		7B9E057229C711EC00EB534C /* ToDoooo.app */ = {isa = PBXFileReference; explicitFileType = wrapper.application; includeInIndex = 0; path = ToDoooo.app; sourceTree = BUILT_PRODUCTS_DIR; };
		7B9E057529C711EC00EB534C /* AppDelegate.swift */ = {isa = PBXFileReference; lastKnownFileType = sourcecode.swift; path = AppDelegate.swift; sourceTree = "<group>"; };
		7B9E057729C711EC00EB534C /* SceneDelegate.swift */ = {isa = PBXFileReference; lastKnownFileType = sourcecode.swift; path = SceneDelegate.swift; sourceTree = "<group>"; };
		7B9E057929C711EC00EB534C /* ToDoListViewController.swift */ = {isa = PBXFileReference; lastKnownFileType = sourcecode.swift; path = ToDoListViewController.swift; sourceTree = "<group>"; };
		7B9E057C29C711EC00EB534C /* Base */ = {isa = PBXFileReference; lastKnownFileType = file.storyboard; name = Base; path = Base.lproj/Main.storyboard; sourceTree = "<group>"; };
		7B9E057E29C711ED00EB534C /* Assets.xcassets */ = {isa = PBXFileReference; lastKnownFileType = folder.assetcatalog; path = Assets.xcassets; sourceTree = "<group>"; };
		7B9E058129C711ED00EB534C /* Base */ = {isa = PBXFileReference; lastKnownFileType = file.storyboard; name = Base; path = Base.lproj/LaunchScreen.storyboard; sourceTree = "<group>"; };
		7B9E058329C711ED00EB534C /* Info.plist */ = {isa = PBXFileReference; lastKnownFileType = text.plist.xml; path = Info.plist; sourceTree = "<group>"; };
		7B9E058829C711ED00EB534C /* ToDooooTests.xctest */ = {isa = PBXFileReference; explicitFileType = wrapper.cfbundle; includeInIndex = 0; path = ToDooooTests.xctest; sourceTree = BUILT_PRODUCTS_DIR; };
		7B9E058C29C711ED00EB534C /* ToDooooTests.swift */ = {isa = PBXFileReference; lastKnownFileType = sourcecode.swift; path = ToDooooTests.swift; sourceTree = "<group>"; };
		7B9E059229C711ED00EB534C /* ToDooooUITests.xctest */ = {isa = PBXFileReference; explicitFileType = wrapper.cfbundle; includeInIndex = 0; path = ToDooooUITests.xctest; sourceTree = BUILT_PRODUCTS_DIR; };
		7B9E059629C711ED00EB534C /* ToDooooUITests.swift */ = {isa = PBXFileReference; lastKnownFileType = sourcecode.swift; path = ToDooooUITests.swift; sourceTree = "<group>"; };
		7B9E059829C711ED00EB534C /* ToDooooUITestsLaunchTests.swift */ = {isa = PBXFileReference; lastKnownFileType = sourcecode.swift; path = ToDooooUITestsLaunchTests.swift; sourceTree = "<group>"; };
		7BC922BC29CD9D9400DCD0F1 /* Item.swift */ = {isa = PBXFileReference; lastKnownFileType = sourcecode.swift; path = Item.swift; sourceTree = "<group>"; };
		7BC922BE29CD9DA800DCD0F1 /* Category.swift */ = {isa = PBXFileReference; lastKnownFileType = sourcecode.swift; path = Category.swift; sourceTree = "<group>"; };
		7BD9CB3929CCAB7D001250B9 /* CategoryViewController.swift */ = {isa = PBXFileReference; lastKnownFileType = sourcecode.swift; path = CategoryViewController.swift; sourceTree = "<group>"; };
/* End PBXFileReference section */

/* Begin PBXFrameworksBuildPhase section */
		7B9E056F29C711EC00EB534C /* Frameworks */ = {
			isa = PBXFrameworksBuildPhase;
			buildActionMask = 2147483647;
			files = (
				7BC922B729CD648900DCD0F1 /* RealmSwift in Frameworks */,
				7B32391D29CEBC8F000780BB /* SwipeCellKit in Frameworks */,
				7BC922B529CD648900DCD0F1 /* Realm in Frameworks */,
			);
			runOnlyForDeploymentPostprocessing = 0;
		};
		7B9E058529C711ED00EB534C /* Frameworks */ = {
			isa = PBXFrameworksBuildPhase;
			buildActionMask = 2147483647;
			files = (
			);
			runOnlyForDeploymentPostprocessing = 0;
		};
		7B9E058F29C711ED00EB534C /* Frameworks */ = {
			isa = PBXFrameworksBuildPhase;
			buildActionMask = 2147483647;
			files = (
			);
			runOnlyForDeploymentPostprocessing = 0;
		};
/* End PBXFrameworksBuildPhase section */

/* Begin PBXGroup section */
		7B40E9D529C9A50300AF8FFF /* Data Model */ = {
			isa = PBXGroup;
			children = (
				7BC922BE29CD9DA800DCD0F1 /* Category.swift */,
				7BC922BC29CD9D9400DCD0F1 /* Item.swift */,
			);
			path = "Data Model";
			sourceTree = "<group>";
		};
		7B40E9D629C9A51D00AF8FFF /* Views */ = {
			isa = PBXGroup;
			children = (
				7B9E057B29C711EC00EB534C /* Main.storyboard */,
			);
			path = Views;
			sourceTree = "<group>";
		};
		7B40E9D729C9A53500AF8FFF /* Supporting Files */ = {
			isa = PBXGroup;
			children = (
				7B9E057E29C711ED00EB534C /* Assets.xcassets */,
				7B9E058029C711ED00EB534C /* LaunchScreen.storyboard */,
			);
			path = "Supporting Files";
			sourceTree = "<group>";
		};
		7B40E9D829C9A55700AF8FFF /* Controllers */ = {
			isa = PBXGroup;
			children = (
				7BD9CB3929CCAB7D001250B9 /* CategoryViewController.swift */,
				7B9E057929C711EC00EB534C /* ToDoListViewController.swift */,
			);
			path = Controllers;
			sourceTree = "<group>";
		};
		7B9E056929C711EC00EB534C = {
			isa = PBXGroup;
			children = (
				7B9E057429C711EC00EB534C /* ToDoooo */,
				7B9E058B29C711ED00EB534C /* ToDooooTests */,
				7B9E059529C711ED00EB534C /* ToDooooUITests */,
				7B9E057329C711EC00EB534C /* Products */,
			);
			sourceTree = "<group>";
		};
		7B9E057329C711EC00EB534C /* Products */ = {
			isa = PBXGroup;
			children = (
				7B9E057229C711EC00EB534C /* ToDoooo.app */,
				7B9E058829C711ED00EB534C /* ToDooooTests.xctest */,
				7B9E059229C711ED00EB534C /* ToDooooUITests.xctest */,
			);
			name = Products;
			sourceTree = "<group>";
		};
		7B9E057429C711EC00EB534C /* ToDoooo */ = {
			isa = PBXGroup;
			children = (
				7B9E057529C711EC00EB534C /* AppDelegate.swift */,
				7B9E057729C711EC00EB534C /* SceneDelegate.swift */,
				7B40E9D829C9A55700AF8FFF /* Controllers */,
				7B40E9D529C9A50300AF8FFF /* Data Model */,
				7B40E9D629C9A51D00AF8FFF /* Views */,
				7B40E9D729C9A53500AF8FFF /* Supporting Files */,
				7B9E058329C711ED00EB534C /* Info.plist */,
			);
			path = ToDoooo;
			sourceTree = "<group>";
		};
		7B9E058B29C711ED00EB534C /* ToDooooTests */ = {
			isa = PBXGroup;
			children = (
				7B9E058C29C711ED00EB534C /* ToDooooTests.swift */,
			);
			path = ToDooooTests;
			sourceTree = "<group>";
		};
		7B9E059529C711ED00EB534C /* ToDooooUITests */ = {
			isa = PBXGroup;
			children = (
				7B9E059629C711ED00EB534C /* ToDooooUITests.swift */,
				7B9E059829C711ED00EB534C /* ToDooooUITestsLaunchTests.swift */,
			);
			path = ToDooooUITests;
			sourceTree = "<group>";
		};
/* End PBXGroup section */

/* Begin PBXNativeTarget section */
		7B9E057129C711EC00EB534C /* ToDoooo */ = {
			isa = PBXNativeTarget;
			buildConfigurationList = 7B9E059C29C711ED00EB534C /* Build configuration list for PBXNativeTarget "ToDoooo" */;
			buildPhases = (
				7B9E056E29C711EC00EB534C /* Sources */,
				7B9E056F29C711EC00EB534C /* Frameworks */,
				7B9E057029C711EC00EB534C /* Resources */,
			);
			buildRules = (
			);
			dependencies = (
			);
			name = ToDoooo;
			packageProductDependencies = (
				7BC922B429CD648900DCD0F1 /* Realm */,
				7BC922B629CD648900DCD0F1 /* RealmSwift */,
				7B32391C29CEBC8F000780BB /* SwipeCellKit */,
			);
			productName = ToDoooo;
			productReference = 7B9E057229C711EC00EB534C /* ToDoooo.app */;
			productType = "com.apple.product-type.application";
		};
		7B9E058729C711ED00EB534C /* ToDooooTests */ = {
			isa = PBXNativeTarget;
			buildConfigurationList = 7B9E059F29C711ED00EB534C /* Build configuration list for PBXNativeTarget "ToDooooTests" */;
			buildPhases = (
				7B9E058429C711ED00EB534C /* Sources */,
				7B9E058529C711ED00EB534C /* Frameworks */,
				7B9E058629C711ED00EB534C /* Resources */,
			);
			buildRules = (
			);
			dependencies = (
				7B9E058A29C711ED00EB534C /* PBXTargetDependency */,
			);
			name = ToDooooTests;
			productName = ToDooooTests;
			productReference = 7B9E058829C711ED00EB534C /* ToDooooTests.xctest */;
			productType = "com.apple.product-type.bundle.unit-test";
		};
		7B9E059129C711ED00EB534C /* ToDooooUITests */ = {
			isa = PBXNativeTarget;
			buildConfigurationList = 7B9E05A229C711ED00EB534C /* Build configuration list for PBXNativeTarget "ToDooooUITests" */;
			buildPhases = (
				7B9E058E29C711ED00EB534C /* Sources */,
				7B9E058F29C711ED00EB534C /* Frameworks */,
				7B9E059029C711ED00EB534C /* Resources */,
			);
			buildRules = (
			);
			dependencies = (
				7B9E059429C711ED00EB534C /* PBXTargetDependency */,
			);
			name = ToDooooUITests;
			productName = ToDooooUITests;
			productReference = 7B9E059229C711ED00EB534C /* ToDooooUITests.xctest */;
			productType = "com.apple.product-type.bundle.ui-testing";
		};
/* End PBXNativeTarget section */

/* Begin PBXProject section */
		7B9E056A29C711EC00EB534C /* Project object */ = {
			isa = PBXProject;
			attributes = {
				BuildIndependentTargetsInParallel = 1;
				LastSwiftUpdateCheck = 1420;
				LastUpgradeCheck = 1420;
				TargetAttributes = {
					7B9E057129C711EC00EB534C = {
						CreatedOnToolsVersion = 14.2;
					};
					7B9E058729C711ED00EB534C = {
						CreatedOnToolsVersion = 14.2;
						TestTargetID = 7B9E057129C711EC00EB534C;
					};
					7B9E059129C711ED00EB534C = {
						CreatedOnToolsVersion = 14.2;
						TestTargetID = 7B9E057129C711EC00EB534C;
					};
				};
			};
			buildConfigurationList = 7B9E056D29C711EC00EB534C /* Build configuration list for PBXProject "ToDoooo" */;
			compatibilityVersion = "Xcode 14.0";
			developmentRegion = en;
			hasScannedForEncodings = 0;
			knownRegions = (
				en,
				Base,
			);
			mainGroup = 7B9E056929C711EC00EB534C;
			packageReferences = (
				7BC922B329CD648900DCD0F1 /* XCRemoteSwiftPackageReference "realm-swift" */,
				7B32391B29CEBC8F000780BB /* XCRemoteSwiftPackageReference "SwipeCellKit" */,
			);
			productRefGroup = 7B9E057329C711EC00EB534C /* Products */;
			projectDirPath = "";
			projectRoot = "";
			targets = (
				7B9E057129C711EC00EB534C /* ToDoooo */,
				7B9E058729C711ED00EB534C /* ToDooooTests */,
				7B9E059129C711ED00EB534C /* ToDooooUITests */,
			);
		};
/* End PBXProject section */

/* Begin PBXResourcesBuildPhase section */
		7B9E057029C711EC00EB534C /* Resources */ = {
			isa = PBXResourcesBuildPhase;
			buildActionMask = 2147483647;
			files = (
				7B9E058229C711ED00EB534C /* LaunchScreen.storyboard in Resources */,
				7B9E057F29C711ED00EB534C /* Assets.xcassets in Resources */,
				7B9E057D29C711EC00EB534C /* Main.storyboard in Resources */,
			);
			runOnlyForDeploymentPostprocessing = 0;
		};
		7B9E058629C711ED00EB534C /* Resources */ = {
			isa = PBXResourcesBuildPhase;
			buildActionMask = 2147483647;
			files = (
			);
			runOnlyForDeploymentPostprocessing = 0;
		};
		7B9E059029C711ED00EB534C /* Resources */ = {
			isa = PBXResourcesBuildPhase;
			buildActionMask = 2147483647;
			files = (
			);
			runOnlyForDeploymentPostprocessing = 0;
		};
/* End PBXResourcesBuildPhase section */

/* Begin PBXSourcesBuildPhase section */
		7B9E056E29C711EC00EB534C /* Sources */ = {
			isa = PBXSourcesBuildPhase;
			buildActionMask = 2147483647;
			files = (
				7BD9CB3A29CCAB7D001250B9 /* CategoryViewController.swift in Sources */,
				7B9E057A29C711EC00EB534C /* ToDoListViewController.swift in Sources */,
				7B9E057629C711EC00EB534C /* AppDelegate.swift in Sources */,
				7BC922BD29CD9D9400DCD0F1 /* Item.swift in Sources */,
				7B9E057829C711EC00EB534C /* SceneDelegate.swift in Sources */,
				7BC922BF29CD9DA800DCD0F1 /* Category.swift in Sources */,
			);
			runOnlyForDeploymentPostprocessing = 0;
		};
		7B9E058429C711ED00EB534C /* Sources */ = {
			isa = PBXSourcesBuildPhase;
			buildActionMask = 2147483647;
			files = (
				7B9E058D29C711ED00EB534C /* ToDooooTests.swift in Sources */,
			);
			runOnlyForDeploymentPostprocessing = 0;
		};
		7B9E058E29C711ED00EB534C /* Sources */ = {
			isa = PBXSourcesBuildPhase;
			buildActionMask = 2147483647;
			files = (
				7B9E059929C711ED00EB534C /* ToDooooUITestsLaunchTests.swift in Sources */,
				7B9E059729C711ED00EB534C /* ToDooooUITests.swift in Sources */,
			);
			runOnlyForDeploymentPostprocessing = 0;
		};
/* End PBXSourcesBuildPhase section */

/* Begin PBXTargetDependency section */
		7B9E058A29C711ED00EB534C /* PBXTargetDependency */ = {
			isa = PBXTargetDependency;
			target = 7B9E057129C711EC00EB534C /* ToDoooo */;
			targetProxy = 7B9E058929C711ED00EB534C /* PBXContainerItemProxy */;
		};
		7B9E059429C711ED00EB534C /* PBXTargetDependency */ = {
			isa = PBXTargetDependency;
			target = 7B9E057129C711EC00EB534C /* ToDoooo */;
			targetProxy = 7B9E059329C711ED00EB534C /* PBXContainerItemProxy */;
		};
/* End PBXTargetDependency section */

/* Begin PBXVariantGroup section */
		7B9E057B29C711EC00EB534C /* Main.storyboard */ = {
			isa = PBXVariantGroup;
			children = (
				7B9E057C29C711EC00EB534C /* Base */,
			);
			name = Main.storyboard;
			sourceTree = "<group>";
		};
		7B9E058029C711ED00EB534C /* LaunchScreen.storyboard */ = {
			isa = PBXVariantGroup;
			children = (
				7B9E058129C711ED00EB534C /* Base */,
			);
			name = LaunchScreen.storyboard;
			sourceTree = "<group>";
		};
/* End PBXVariantGroup section */

/* Begin XCBuildConfiguration section */
		7B9E059A29C711ED00EB534C /* Debug */ = {
			isa = XCBuildConfiguration;
			buildSettings = {
				ALWAYS_SEARCH_USER_PATHS = NO;
				CLANG_ANALYZER_NONNULL = YES;
				CLANG_ANALYZER_NUMBER_OBJECT_CONVERSION = YES_AGGRESSIVE;
				CLANG_CXX_LANGUAGE_STANDARD = "gnu++20";
				CLANG_ENABLE_MODULES = YES;
				CLANG_ENABLE_OBJC_ARC = YES;
				CLANG_ENABLE_OBJC_WEAK = YES;
				CLANG_WARN_BLOCK_CAPTURE_AUTORELEASING = YES;
				CLANG_WARN_BOOL_CONVERSION = YES;
				CLANG_WARN_COMMA = YES;
				CLANG_WARN_CONSTANT_CONVERSION = YES;
				CLANG_WARN_DEPRECATED_OBJC_IMPLEMENTATIONS = YES;
				CLANG_WARN_DIRECT_OBJC_ISA_USAGE = YES_ERROR;
				CLANG_WARN_DOCUMENTATION_COMMENTS = YES;
				CLANG_WARN_EMPTY_BODY = YES;
				CLANG_WARN_ENUM_CONVERSION = YES;
				CLANG_WARN_INFINITE_RECURSION = YES;
				CLANG_WARN_INT_CONVERSION = YES;
				CLANG_WARN_NON_LITERAL_NULL_CONVERSION = YES;
				CLANG_WARN_OBJC_IMPLICIT_RETAIN_SELF = YES;
				CLANG_WARN_OBJC_LITERAL_CONVERSION = YES;
				CLANG_WARN_OBJC_ROOT_CLASS = YES_ERROR;
				CLANG_WARN_QUOTED_INCLUDE_IN_FRAMEWORK_HEADER = YES;
				CLANG_WARN_RANGE_LOOP_ANALYSIS = YES;
				CLANG_WARN_STRICT_PROTOTYPES = YES;
				CLANG_WARN_SUSPICIOUS_MOVE = YES;
				CLANG_WARN_UNGUARDED_AVAILABILITY = YES_AGGRESSIVE;
				CLANG_WARN_UNREACHABLE_CODE = YES;
				CLANG_WARN__DUPLICATE_METHOD_MATCH = YES;
				COPY_PHASE_STRIP = NO;
				DEBUG_INFORMATION_FORMAT = dwarf;
				ENABLE_STRICT_OBJC_MSGSEND = YES;
				ENABLE_TESTABILITY = YES;
				GCC_C_LANGUAGE_STANDARD = gnu11;
				GCC_DYNAMIC_NO_PIC = NO;
				GCC_NO_COMMON_BLOCKS = YES;
				GCC_OPTIMIZATION_LEVEL = 0;
				GCC_PREPROCESSOR_DEFINITIONS = (
					"DEBUG=1",
					"$(inherited)",
				);
				GCC_WARN_64_TO_32_BIT_CONVERSION = YES;
				GCC_WARN_ABOUT_RETURN_TYPE = YES_ERROR;
				GCC_WARN_UNDECLARED_SELECTOR = YES;
				GCC_WARN_UNINITIALIZED_AUTOS = YES_AGGRESSIVE;
				GCC_WARN_UNUSED_FUNCTION = YES;
				GCC_WARN_UNUSED_VARIABLE = YES;
				IPHONEOS_DEPLOYMENT_TARGET = 16.2;
				MTL_ENABLE_DEBUG_INFO = INCLUDE_SOURCE;
				MTL_FAST_MATH = YES;
				ONLY_ACTIVE_ARCH = YES;
				SDKROOT = iphoneos;
				SWIFT_ACTIVE_COMPILATION_CONDITIONS = DEBUG;
				SWIFT_OPTIMIZATION_LEVEL = "-Onone";
			};
			name = Debug;
		};
		7B9E059B29C711ED00EB534C /* Release */ = {
			isa = XCBuildConfiguration;
			buildSettings = {
				ALWAYS_SEARCH_USER_PATHS = NO;
				CLANG_ANALYZER_NONNULL = YES;
				CLANG_ANALYZER_NUMBER_OBJECT_CONVERSION = YES_AGGRESSIVE;
				CLANG_CXX_LANGUAGE_STANDARD = "gnu++20";
				CLANG_ENABLE_MODULES = YES;
				CLANG_ENABLE_OBJC_ARC = YES;
				CLANG_ENABLE_OBJC_WEAK = YES;
				CLANG_WARN_BLOCK_CAPTURE_AUTORELEASING = YES;
				CLANG_WARN_BOOL_CONVERSION = YES;
				CLANG_WARN_COMMA = YES;
				CLANG_WARN_CONSTANT_CONVERSION = YES;
				CLANG_WARN_DEPRECATED_OBJC_IMPLEMENTATIONS = YES;
				CLANG_WARN_DIRECT_OBJC_ISA_USAGE = YES_ERROR;
				CLANG_WARN_DOCUMENTATION_COMMENTS = YES;
				CLANG_WARN_EMPTY_BODY = YES;
				CLANG_WARN_ENUM_CONVERSION = YES;
				CLANG_WARN_INFINITE_RECURSION = YES;
				CLANG_WARN_INT_CONVERSION = YES;
				CLANG_WARN_NON_LITERAL_NULL_CONVERSION = YES;
				CLANG_WARN_OBJC_IMPLICIT_RETAIN_SELF = YES;
				CLANG_WARN_OBJC_LITERAL_CONVERSION = YES;
				CLANG_WARN_OBJC_ROOT_CLASS = YES_ERROR;
				CLANG_WARN_QUOTED_INCLUDE_IN_FRAMEWORK_HEADER = YES;
				CLANG_WARN_RANGE_LOOP_ANALYSIS = YES;
				CLANG_WARN_STRICT_PROTOTYPES = YES;
				CLANG_WARN_SUSPICIOUS_MOVE = YES;
				CLANG_WARN_UNGUARDED_AVAILABILITY = YES_AGGRESSIVE;
				CLANG_WARN_UNREACHABLE_CODE = YES;
				CLANG_WARN__DUPLICATE_METHOD_MATCH = YES;
				COPY_PHASE_STRIP = NO;
				DEBUG_INFORMATION_FORMAT = "dwarf-with-dsym";
				ENABLE_NS_ASSERTIONS = NO;
				ENABLE_STRICT_OBJC_MSGSEND = YES;
				GCC_C_LANGUAGE_STANDARD = gnu11;
				GCC_NO_COMMON_BLOCKS = YES;
				GCC_WARN_64_TO_32_BIT_CONVERSION = YES;
				GCC_WARN_ABOUT_RETURN_TYPE = YES_ERROR;
				GCC_WARN_UNDECLARED_SELECTOR = YES;
				GCC_WARN_UNINITIALIZED_AUTOS = YES_AGGRESSIVE;
				GCC_WARN_UNUSED_FUNCTION = YES;
				GCC_WARN_UNUSED_VARIABLE = YES;
				IPHONEOS_DEPLOYMENT_TARGET = 16.2;
				MTL_ENABLE_DEBUG_INFO = NO;
				MTL_FAST_MATH = YES;
				SDKROOT = iphoneos;
				SWIFT_COMPILATION_MODE = wholemodule;
				SWIFT_OPTIMIZATION_LEVEL = "-O";
				VALIDATE_PRODUCT = YES;
			};
			name = Release;
		};
		7B9E059D29C711ED00EB534C /* Debug */ = {
			isa = XCBuildConfiguration;
			buildSettings = {
				ASSETCATALOG_COMPILER_APPICON_NAME = AppIcon;
				ASSETCATALOG_COMPILER_GLOBAL_ACCENT_COLOR_NAME = AccentColor;
				CODE_SIGN_STYLE = Automatic;
				CURRENT_PROJECT_VERSION = 1;
				DEVELOPMENT_TEAM = 8CRPBP2B68;
				GENERATE_INFOPLIST_FILE = YES;
				INFOPLIST_FILE = ToDoooo/Info.plist;
				INFOPLIST_KEY_UIApplicationSupportsIndirectInputEvents = YES;
				INFOPLIST_KEY_UILaunchStoryboardName = LaunchScreen;
				INFOPLIST_KEY_UIMainStoryboardFile = Main;
				INFOPLIST_KEY_UISupportedInterfaceOrientations_iPad = "UIInterfaceOrientationPortrait UIInterfaceOrientationPortraitUpsideDown UIInterfaceOrientationLandscapeLeft UIInterfaceOrientationLandscapeRight";
				INFOPLIST_KEY_UISupportedInterfaceOrientations_iPhone = "UIInterfaceOrientationPortrait UIInterfaceOrientationLandscapeLeft UIInterfaceOrientationLandscapeRight";
				LD_RUNPATH_SEARCH_PATHS = (
					"$(inherited)",
					"@executable_path/Frameworks",
				);
				MARKETING_VERSION = 1.0;
				PRODUCT_BUNDLE_IDENTIFIER = com.parthnikam.ToDoooo;
				PRODUCT_NAME = "$(TARGET_NAME)";
				SWIFT_EMIT_LOC_STRINGS = YES;
				SWIFT_VERSION = 5.0;
				TARGETED_DEVICE_FAMILY = "1,2";
			};
			name = Debug;
		};
		7B9E059E29C711ED00EB534C /* Release */ = {
			isa = XCBuildConfiguration;
			buildSettings = {
				ASSETCATALOG_COMPILER_APPICON_NAME = AppIcon;
				ASSETCATALOG_COMPILER_GLOBAL_ACCENT_COLOR_NAME = AccentColor;
				CODE_SIGN_STYLE = Automatic;
				CURRENT_PROJECT_VERSION = 1;
				DEVELOPMENT_TEAM = 8CRPBP2B68;
				GENERATE_INFOPLIST_FILE = YES;
				INFOPLIST_FILE = ToDoooo/Info.plist;
				INFOPLIST_KEY_UIApplicationSupportsIndirectInputEvents = YES;
				INFOPLIST_KEY_UILaunchStoryboardName = LaunchScreen;
				INFOPLIST_KEY_UIMainStoryboardFile = Main;
				INFOPLIST_KEY_UISupportedInterfaceOrientations_iPad = "UIInterfaceOrientationPortrait UIInterfaceOrientationPortraitUpsideDown UIInterfaceOrientationLandscapeLeft UIInterfaceOrientationLandscapeRight";
				INFOPLIST_KEY_UISupportedInterfaceOrientations_iPhone = "UIInterfaceOrientationPortrait UIInterfaceOrientationLandscapeLeft UIInterfaceOrientationLandscapeRight";
				LD_RUNPATH_SEARCH_PATHS = (
					"$(inherited)",
					"@executable_path/Frameworks",
				);
				MARKETING_VERSION = 1.0;
				PRODUCT_BUNDLE_IDENTIFIER = com.parthnikam.ToDoooo;
				PRODUCT_NAME = "$(TARGET_NAME)";
				SWIFT_EMIT_LOC_STRINGS = YES;
				SWIFT_VERSION = 5.0;
				TARGETED_DEVICE_FAMILY = "1,2";
			};
			name = Release;
		};
		7B9E05A029C711ED00EB534C /* Debug */ = {
			isa = XCBuildConfiguration;
			buildSettings = {
				ALWAYS_EMBED_SWIFT_STANDARD_LIBRARIES = YES;
				BUNDLE_LOADER = "$(TEST_HOST)";
				CODE_SIGN_STYLE = Automatic;
				CURRENT_PROJECT_VERSION = 1;
				DEVELOPMENT_TEAM = 8CRPBP2B68;
				GENERATE_INFOPLIST_FILE = YES;
				IPHONEOS_DEPLOYMENT_TARGET = 16.2;
				MARKETING_VERSION = 1.0;
				PRODUCT_BUNDLE_IDENTIFIER = com.parthnikam.ToDooooTests;
				PRODUCT_NAME = "$(TARGET_NAME)";
				SWIFT_EMIT_LOC_STRINGS = NO;
				SWIFT_VERSION = 5.0;
				TARGETED_DEVICE_FAMILY = "1,2";
				TEST_HOST = "$(BUILT_PRODUCTS_DIR)/ToDoooo.app/$(BUNDLE_EXECUTABLE_FOLDER_PATH)/ToDoooo";
			};
			name = Debug;
		};
		7B9E05A129C711ED00EB534C /* Release */ = {
			isa = XCBuildConfiguration;
			buildSettings = {
				ALWAYS_EMBED_SWIFT_STANDARD_LIBRARIES = YES;
				BUNDLE_LOADER = "$(TEST_HOST)";
				CODE_SIGN_STYLE = Automatic;
				CURRENT_PROJECT_VERSION = 1;
				DEVELOPMENT_TEAM = 8CRPBP2B68;
				GENERATE_INFOPLIST_FILE = YES;
				IPHONEOS_DEPLOYMENT_TARGET = 16.2;
				MARKETING_VERSION = 1.0;
				PRODUCT_BUNDLE_IDENTIFIER = com.parthnikam.ToDooooTests;
				PRODUCT_NAME = "$(TARGET_NAME)";
				SWIFT_EMIT_LOC_STRINGS = NO;
				SWIFT_VERSION = 5.0;
				TARGETED_DEVICE_FAMILY = "1,2";
				TEST_HOST = "$(BUILT_PRODUCTS_DIR)/ToDoooo.app/$(BUNDLE_EXECUTABLE_FOLDER_PATH)/ToDoooo";
			};
			name = Release;
		};
		7B9E05A329C711ED00EB534C /* Debug */ = {
			isa = XCBuildConfiguration;
			buildSettings = {
				ALWAYS_EMBED_SWIFT_STANDARD_LIBRARIES = YES;
				CODE_SIGN_STYLE = Automatic;
				CURRENT_PROJECT_VERSION = 1;
				DEVELOPMENT_TEAM = 8CRPBP2B68;
				GENERATE_INFOPLIST_FILE = YES;
				MARKETING_VERSION = 1.0;
				PRODUCT_BUNDLE_IDENTIFIER = com.parthnikam.ToDooooUITests;
				PRODUCT_NAME = "$(TARGET_NAME)";
				SWIFT_EMIT_LOC_STRINGS = NO;
				SWIFT_VERSION = 5.0;
				TARGETED_DEVICE_FAMILY = "1,2";
				TEST_TARGET_NAME = ToDoooo;
			};
			name = Debug;
		};
		7B9E05A429C711ED00EB534C /* Release */ = {
			isa = XCBuildConfiguration;
			buildSettings = {
				ALWAYS_EMBED_SWIFT_STANDARD_LIBRARIES = YES;
				CODE_SIGN_STYLE = Automatic;
				CURRENT_PROJECT_VERSION = 1;
				DEVELOPMENT_TEAM = 8CRPBP2B68;
				GENERATE_INFOPLIST_FILE = YES;
				MARKETING_VERSION = 1.0;
				PRODUCT_BUNDLE_IDENTIFIER = com.parthnikam.ToDooooUITests;
				PRODUCT_NAME = "$(TARGET_NAME)";
				SWIFT_EMIT_LOC_STRINGS = NO;
				SWIFT_VERSION = 5.0;
				TARGETED_DEVICE_FAMILY = "1,2";
				TEST_TARGET_NAME = ToDoooo;
			};
			name = Release;
		};
/* End XCBuildConfiguration section */

/* Begin XCConfigurationList section */
		7B9E056D29C711EC00EB534C /* Build configuration list for PBXProject "ToDoooo" */ = {
			isa = XCConfigurationList;
			buildConfigurations = (
				7B9E059A29C711ED00EB534C /* Debug */,
				7B9E059B29C711ED00EB534C /* Release */,
			);
			defaultConfigurationIsVisible = 0;
			defaultConfigurationName = Release;
		};
		7B9E059C29C711ED00EB534C /* Build configuration list for PBXNativeTarget "ToDoooo" */ = {
			isa = XCConfigurationList;
			buildConfigurations = (
				7B9E059D29C711ED00EB534C /* Debug */,
				7B9E059E29C711ED00EB534C /* Release */,
			);
			defaultConfigurationIsVisible = 0;
			defaultConfigurationName = Release;
		};
		7B9E059F29C711ED00EB534C /* Build configuration list for PBXNativeTarget "ToDooooTests" */ = {
			isa = XCConfigurationList;
			buildConfigurations = (
				7B9E05A029C711ED00EB534C /* Debug */,
				7B9E05A129C711ED00EB534C /* Release */,
			);
			defaultConfigurationIsVisible = 0;
			defaultConfigurationName = Release;
		};
		7B9E05A229C711ED00EB534C /* Build configuration list for PBXNativeTarget "ToDooooUITests" */ = {
			isa = XCConfigurationList;
			buildConfigurations = (
				7B9E05A329C711ED00EB534C /* Debug */,
				7B9E05A429C711ED00EB534C /* Release */,
			);
			defaultConfigurationIsVisible = 0;
			defaultConfigurationName = Release;
		};
/* End XCConfigurationList section */

/* Begin XCRemoteSwiftPackageReference section */
		7B32391B29CEBC8F000780BB /* XCRemoteSwiftPackageReference "SwipeCellKit" */ = {
			isa = XCRemoteSwiftPackageReference;
			repositoryURL = "https://github.com/SwipeCellKit/SwipeCellKit";
			requirement = {
				kind = upToNextMajorVersion;
				minimumVersion = 2.0.0;
			};
		};
		7BC922B329CD648900DCD0F1 /* XCRemoteSwiftPackageReference "realm-swift" */ = {
			isa = XCRemoteSwiftPackageReference;
			repositoryURL = "https://github.com/realm/realm-swift.git";
			requirement = {
				branch = master;
				kind = branch;
			};
		};
/* End XCRemoteSwiftPackageReference section */

/* Begin XCSwiftPackageProductDependency section */
		7B32391C29CEBC8F000780BB /* SwipeCellKit */ = {
			isa = XCSwiftPackageProductDependency;
			package = 7B32391B29CEBC8F000780BB /* XCRemoteSwiftPackageReference "SwipeCellKit" */;
			productName = SwipeCellKit;
		};
		7BC922B429CD648900DCD0F1 /* Realm */ = {
			isa = XCSwiftPackageProductDependency;
			package = 7BC922B329CD648900DCD0F1 /* XCRemoteSwiftPackageReference "realm-swift" */;
			productName = Realm;
		};
		7BC922B629CD648900DCD0F1 /* RealmSwift */ = {
			isa = XCSwiftPackageProductDependency;
			package = 7BC922B329CD648900DCD0F1 /* XCRemoteSwiftPackageReference "realm-swift" */;
			productName = RealmSwift;
		};
/* End XCSwiftPackageProductDependency section */
	};
	rootObject = 7B9E056A29C711EC00EB534C /* Project object */;
}
